Microsoft Visual Studio Solution File, Format Version 12.00
# Visual Studio Version 17
VisualStudioVersion = 17.5.2.0
MinimumVisualStudioVersion = 10.0.40219.1
Project("{FAE04EC0-301F-11D3-BF4B-00C04F79EFBC}") = "PhuKien247", "PhuKien247\PhuKien247.csproj", "{68D83EAC-E80F-F598-8972-7067D17B1FE3}"
EndProject
Global
	GlobalSection(SolutionConfigurationPlatforms) = preSolution
		Debug|Any CPU = Debug|Any CPU
		Release|Any CPU = Release|Any CPU
	EndGlobalSection
	GlobalSection(ProjectConfigurationPlatforms) = postSolution
		{68D83EAC-E80F-F598-8972-7067D17B1FE3}.Debug|Any CPU.ActiveCfg = Debug|Any CPU
		{68D83EAC-E80F-F598-8972-7067D17B1FE3}.Debug|Any CPU.Build.0 = Debug|Any CPU
		{68D83EAC-E80F-F598-8972-7067D17B1FE3}.Release|Any CPU.ActiveCfg = Release|Any CPU
		{68D83EAC-E80F-F598-8972-7067D17B1FE3}.Release|Any CPU.Build.0 = Release|Any CPU
	EndGlobalSection
	GlobalSection(SolutionProperties) = preSolution
		HideSolutionNode = FALSE
	EndGlobalSection
	GlobalSection(ExtensibilityGlobals) = postSolution
		SolutionGuid = {62BE7783-236D-4715-96F7-8788552A439C}
	EndGlobalSection
EndGlobal
